
Microsoft Visual Studio Solution File, Format Version 12.00
# Visual Studio 14
VisualStudioVersion = 14.0.25420.1
MinimumVisualStudioVersion = 10.0.40219.1
Project("{FAE04EC0-301F-11D3-BF4B-00C04F79EFBC}") = "VelocityCoders.LotteryPractice.Webforms", "VelocityCoders.LotteryPractice.Webforms\VelocityCoders.LotteryPractice.Webforms.csproj", "{3A479B3E-A31E-4D3F-8FD9-2733CED2B74A}"
EndProject
Project("{FAE04EC0-301F-11D3-BF4B-00C04F79EFBC}") = "VelocityCoders.LotteryPractice.Models", "VelocityCoders.LotteryPractice.Models\VelocityCoders.LotteryPractice.Models.csproj", "{776B3B8B-9A4E-4A27-9029-538ED0A86A6B}"
EndProject
Project("{FAE04EC0-301F-11D3-BF4B-00C04F79EFBC}") = "VelocityCoders.LotteryPractice.DAL", "VelocityCoders.LotteryPractice.DAL\VelocityCoders.LotteryPractice.DAL.csproj", "{B778C70A-C774-4F89-A993-0AB7FFFF66B3}"
EndProject
Project("{FAE04EC0-301F-11D3-BF4B-00C04F79EFBC}") = "VelocityCoders.LotteryPractice.BLL", "VelocityCoders.LotteryPractice.BLL\VelocityCoders.LotteryPractice.BLL.csproj", "{7E3945E2-614F-48EC-BA62-41008FE94EAE}"
EndProject
Global
	GlobalSection(SolutionConfigurationPlatforms) = preSolution
		Debug|Any CPU = Debug|Any CPU
		Release|Any CPU = Release|Any CPU
	EndGlobalSection
	GlobalSection(ProjectConfigurationPlatforms) = postSolution
		{3A479B3E-A31E-4D3F-8FD9-2733CED2B74A}.Debug|Any CPU.ActiveCfg = Debug|Any CPU
		{3A479B3E-A31E-4D3F-8FD9-2733CED2B74A}.Debug|Any CPU.Build.0 = Debug|Any CPU
		{3A479B3E-A31E-4D3F-8FD9-2733CED2B74A}.Release|Any CPU.ActiveCfg = Release|Any CPU
		{3A479B3E-A31E-4D3F-8FD9-2733CED2B74A}.Release|Any CPU.Build.0 = Release|Any CPU
		{776B3B8B-9A4E-4A27-9029-538ED0A86A6B}.Debug|Any CPU.ActiveCfg = Debug|Any CPU
		{776B3B8B-9A4E-4A27-9029-538ED0A86A6B}.Debug|Any CPU.Build.0 = Debug|Any CPU
		{776B3B8B-9A4E-4A27-9029-538ED0A86A6B}.Release|Any CPU.ActiveCfg = Release|Any CPU
		{776B3B8B-9A4E-4A27-9029-538ED0A86A6B}.Release|Any CPU.Build.0 = Release|Any CPU
		{B778C70A-C774-4F89-A993-0AB7FFFF66B3}.Debug|Any CPU.ActiveCfg = Debug|Any CPU
		{B778C70A-C774-4F89-A993-0AB7FFFF66B3}.Debug|Any CPU.Build.0 = Debug|Any CPU
		{B778C70A-C774-4F89-A993-0AB7FFFF66B3}.Release|Any CPU.ActiveCfg = Release|Any CPU
		{B778C70A-C774-4F89-A993-0AB7FFFF66B3}.Release|Any CPU.Build.0 = Release|Any CPU
		{7E3945E2-614F-48EC-BA62-41008FE94EAE}.Debug|Any CPU.ActiveCfg = Debug|Any CPU
		{7E3945E2-614F-48EC-BA62-41008FE94EAE}.Debug|Any CPU.Build.0 = Debug|Any CPU
		{7E3945E2-614F-48EC-BA62-41008FE94EAE}.Release|Any CPU.ActiveCfg = Release|Any CPU
		{7E3945E2-614F-48EC-BA62-41008FE94EAE}.Release|Any CPU.Build.0 = Release|Any CPU
	EndGlobalSection
	GlobalSection(SolutionProperties) = preSolution
		HideSolutionNode = FALSE
	EndGlobalSection
EndGlobal
